[[package]]
name = "package"
version = "0.1.1"
description = "package is a package to package your package"
category = "main"
optional = false
python-versions = "*"

[[package]]
name = "prompt"
version = "0.4.1"
description = "Library for prompting input on the command line."
category = "main"
optional = false
python-versions = ">=3.3"

[metadata]
lock-version = "1.1"
python-versions = "^3.10"
content-hash = "90b0be00ef9d1f422301dc8cbd627abf7f8228f85ed2ee1bd90ba0c6291b3240"

[metadata.files]
package = []
prompt = []
